// !$*UTF8*$!
{
	archiveVersion = 1;
	classes = {
	};
	objectVersion = 51;
	objects = {

/* Begin PBXBuildFile section */
		412EE6A4E9D7F3C3D1136DC7 /* Pods_FlixTests.framework in Frameworks */ = {isa = PBXBuildFile; fileRef = 50340D65663D8FFFC60EE5F9 /* Pods_FlixTests.framework */; };
		84054DC224A3F435002B8F46 /* AppDelegate.m in Sources */ = {isa = PBXBuildFile; fileRef = 84054DC124A3F435002B8F46 /* AppDelegate.m */; };
		84054DC524A3F435002B8F46 /* SceneDelegate.m in Sources */ = {isa = PBXBuildFile; fileRef = 84054DC424A3F435002B8F46 /* SceneDelegate.m */; };
		84054DCB24A3F435002B8F46 /* Main.storyboard in Resources */ = {isa = PBXBuildFile; fileRef = 84054DC924A3F435002B8F46 /* Main.storyboard */; };
		84054DCD24A3F43E002B8F46 /* Assets.xcassets in Resources */ = {isa = PBXBuildFile; fileRef = 84054DCC24A3F43E002B8F46 /* Assets.xcassets */; };
		84054DD024A3F43E002B8F46 /* LaunchScreen.storyboard in Resources */ = {isa = PBXBuildFile; fileRef = 84054DCE24A3F43E002B8F46 /* LaunchScreen.storyboard */; };
		84054DD324A3F43E002B8F46 /* main.m in Sources */ = {isa = PBXBuildFile; fileRef = 84054DD224A3F43E002B8F46 /* main.m */; };
		84054DDD24A3F43E002B8F46 /* FlixTests.m in Sources */ = {isa = PBXBuildFile; fileRef = 84054DDC24A3F43E002B8F46 /* FlixTests.m */; };
		84054DE824A3F43F002B8F46 /* FlixUITests.m in Sources */ = {isa = PBXBuildFile; fileRef = 84054DE724A3F43F002B8F46 /* FlixUITests.m */; };
		84054E3B24A5533B002B8F46 /* MoviesViewController.m in Sources */ = {isa = PBXBuildFile; fileRef = 84054E3A24A5533B002B8F46 /* MoviesViewController.m */; };
		9EB6D01624A5CAD9002F2537 /* MovieCell.m in Sources */ = {isa = PBXBuildFile; fileRef = 9EB6D01524A5CAD9002F2537 /* MovieCell.m */; };
		9EB6D01924A6652F002F2537 /* DetailViewController.m in Sources */ = {isa = PBXBuildFile; fileRef = 9EB6D01824A6652F002F2537 /* DetailViewController.m */; };
		9EB6D01D24A697B7002F2537 /* MoviesGridViewController.m in Sources */ = {isa = PBXBuildFile; fileRef = 9EB6D01C24A697B7002F2537 /* MoviesGridViewController.m */; };
		BC4A99A7ABB922172D106FCC /* Pods_Flix.framework in Frameworks */ = {isa = PBXBuildFile; fileRef = E620F79DC7FFDC0B9C93486D /* Pods_Flix.framework */; };
		D55F2AACE6687BEC6360617E /* Pods_Flix_FlixUITests.framework in Frameworks */ = {isa = PBXBuildFile; fileRef = A9AD10A53E60C1EFCAE7D889 /* Pods_Flix_FlixUITests.framework */; };
/* End PBXBuildFile section */

/* Begin PBXContainerItemProxy section */
		84054DD924A3F43E002B8F46 /* PBXContainerItemProxy */ = {
			isa = PBXContainerItemProxy;
			containerPortal = 84054DB524A3F434002B8F46 /* Project object */;
			proxyType = 1;
			remoteGlobalIDString = 84054DBC24A3F434002B8F46;
			remoteInfo = Flix;
		};
		84054DE424A3F43F002B8F46 /* PBXContainerItemProxy */ = {
			isa = PBXContainerItemProxy;
			containerPortal = 84054DB524A3F434002B8F46 /* Project object */;
			proxyType = 1;
			remoteGlobalIDString = 84054DBC24A3F434002B8F46;
			remoteInfo = Flix;
		};
/* End PBXContainerItemProxy section */

/* Begin PBXFileReference section */
		05274E77A5A5EFC354EBD13E /* Pods-Flix.debug.xcconfig */ = {isa = PBXFileReference; includeInIndex = 1; lastKnownFileType = text.xcconfig; name = "Pods-Flix.debug.xcconfig"; path = "Target Support Files/Pods-Flix/Pods-Flix.debug.xcconfig"; sourceTree = "<group>"; };
		50340D65663D8FFFC60EE5F9 /* Pods_FlixTests.framework */ = {isa = PBXFileReference; explicitFileType = wrapper.framework; includeInIndex = 0; path = Pods_FlixTests.framework; sourceTree = BUILT_PRODUCTS_DIR; };
		5C37CB6F6B0DEE95A69A3547 /* Pods-FlixTests.debug.xcconfig */ = {isa = PBXFileReference; includeInIndex = 1; lastKnownFileType = text.xcconfig; name = "Pods-FlixTests.debug.xcconfig"; path = "Target Support Files/Pods-FlixTests/Pods-FlixTests.debug.xcconfig"; sourceTree = "<group>"; };
		7AAF467F0FCE07C60F222B31 /* Pods-FlixTests.release.xcconfig */ = {isa = PBXFileReference; includeInIndex = 1; lastKnownFileType = text.xcconfig; name = "Pods-FlixTests.release.xcconfig"; path = "Target Support Files/Pods-FlixTests/Pods-FlixTests.release.xcconfig"; sourceTree = "<group>"; };
		84054DBD24A3F435002B8F46 /* Flix.app */ = {isa = PBXFileReference; explicitFileType = wrapper.application; includeInIndex = 0; path = Flix.app; sourceTree = BUILT_PRODUCTS_DIR; };
		84054DC024A3F435002B8F46 /* AppDelegate.h */ = {isa = PBXFileReference; lastKnownFileType = sourcecode.c.h; path = AppDelegate.h; sourceTree = "<group>"; };
		84054DC124A3F435002B8F46 /* AppDelegate.m */ = {isa = PBXFileReference; lastKnownFileType = sourcecode.c.objc; path = AppDelegate.m; sourceTree = "<group>"; };
		84054DC324A3F435002B8F46 /* SceneDelegate.h */ = {isa = PBXFileReference; lastKnownFileType = sourcecode.c.h; path = SceneDelegate.h; sourceTree = "<group>"; };
		84054DC424A3F435002B8F46 /* SceneDelegate.m */ = {isa = PBXFileReference; lastKnownFileType = sourcecode.c.objc; path = SceneDelegate.m; sourceTree = "<group>"; };
		84054DCA24A3F435002B8F46 /* Base */ = {isa = PBXFileReference; lastKnownFileType = file.storyboard; name = Base; path = Base.lproj/Main.storyboard; sourceTree = "<group>"; };
		84054DCC24A3F43E002B8F46 /* Assets.xcassets */ = {isa = PBXFileReference; lastKnownFileType = folder.assetcatalog; path = Assets.xcassets; sourceTree = "<group>"; };
		84054DCF24A3F43E002B8F46 /* Base */ = {isa = PBXFileReference; lastKnownFileType = file.storyboard; name = Base; path = Base.lproj/LaunchScreen.storyboard; sourceTree = "<group>"; };
		84054DD124A3F43E002B8F46 /* Info.plist */ = {isa = PBXFileReference; lastKnownFileType = text.plist.xml; path = Info.plist; sourceTree = "<group>"; };
		84054DD224A3F43E002B8F46 /* main.m */ = {isa = PBXFileReference; lastKnownFileType = sourcecode.c.objc; path = main.m; sourceTree = "<group>"; };
		84054DD824A3F43E002B8F46 /* FlixTests.xctest */ = {isa = PBXFileReference; explicitFileType = wrapper.cfbundle; includeInIndex = 0; path = FlixTests.xctest; sourceTree = BUILT_PRODUCTS_DIR; };
		84054DDC24A3F43E002B8F46 /* FlixTests.m */ = {isa = PBXFileReference; lastKnownFileType = sourcecode.c.objc; path = FlixTests.m; sourceTree = "<group>"; };
		84054DDE24A3F43E002B8F46 /* Info.plist */ = {isa = PBXFileReference; lastKnownFileType = text.plist.xml; path = Info.plist; sourceTree = "<group>"; };
		84054DE324A3F43F002B8F46 /* FlixUITests.xctest */ = {isa = PBXFileReference; explicitFileType = wrapper.cfbundle; includeInIndex = 0; path = FlixUITests.xctest; sourceTree = BUILT_PRODUCTS_DIR; };
		84054DE724A3F43F002B8F46 /* FlixUITests.m */ = {isa = PBXFileReference; lastKnownFileType = sourcecode.c.objc; path = FlixUITests.m; sourceTree = "<group>"; };
		84054DE924A3F43F002B8F46 /* Info.plist */ = {isa = PBXFileReference; lastKnownFileType = text.plist.xml; path = Info.plist; sourceTree = "<group>"; };
		84054E3924A5533B002B8F46 /* MoviesViewController.h */ = {isa = PBXFileReference; lastKnownFileType = sourcecode.c.h; path = MoviesViewController.h; sourceTree = "<group>"; };
		84054E3A24A5533B002B8F46 /* MoviesViewController.m */ = {isa = PBXFileReference; lastKnownFileType = sourcecode.c.objc; path = MoviesViewController.m; sourceTree = "<group>"; };
		9272C8828F7E26F601B6FB97 /* Pods-Flix-FlixUITests.release.xcconfig */ = {isa = PBXFileReference; includeInIndex = 1; lastKnownFileType = text.xcconfig; name = "Pods-Flix-FlixUITests.release.xcconfig"; path = "Target Support Files/Pods-Flix-FlixUITests/Pods-Flix-FlixUITests.release.xcconfig"; sourceTree = "<group>"; };
		9EB6D01424A5CAD9002F2537 /* MovieCell.h */ = {isa = PBXFileReference; lastKnownFileType = sourcecode.c.h; path = MovieCell.h; sourceTree = "<group>"; };
		9EB6D01524A5CAD9002F2537 /* MovieCell.m */ = {isa = PBXFileReference; lastKnownFileType = sourcecode.c.objc; path = MovieCell.m; sourceTree = "<group>"; };
		9EB6D01724A6652F002F2537 /* DetailViewController.h */ = {isa = PBXFileReference; lastKnownFileType = sourcecode.c.h; path = DetailViewController.h; sourceTree = "<group>"; };
		9EB6D01824A6652F002F2537 /* DetailViewController.m */ = {isa = PBXFileReference; lastKnownFileType = sourcecode.c.objc; path = DetailViewController.m; sourceTree = "<group>"; };
		9EB6D01B24A697B7002F2537 /* MoviesGridViewController.h */ = {isa = PBXFileReference; lastKnownFileType = sourcecode.c.h; path = MoviesGridViewController.h; sourceTree = "<group>"; };
		9EB6D01C24A697B7002F2537 /* MoviesGridViewController.m */ = {isa = PBXFileReference; lastKnownFileType = sourcecode.c.objc; path = MoviesGridViewController.m; sourceTree = "<group>"; };
		A9AD10A53E60C1EFCAE7D889 /* Pods_Flix_FlixUITests.framework */ = {isa = PBXFileReference; explicitFileType = wrapper.framework; includeInIndex = 0; path = Pods_Flix_FlixUITests.framework; sourceTree = BUILT_PRODUCTS_DIR; };
		AC6E253962B87DA1E6C9FCF0 /* Pods-Flix.release.xcconfig */ = {isa = PBXFileReference; includeInIndex = 1; lastKnownFileType = text.xcconfig; name = "Pods-Flix.release.xcconfig"; path = "Target Support Files/Pods-Flix/Pods-Flix.release.xcconfig"; sourceTree = "<group>"; };
		CD184022C79EC76F525682A0 /* Pods-Flix-FlixUITests.debug.xcconfig */ = {isa = PBXFileReference; includeInIndex = 1; lastKnownFileType = text.xcconfig; name = "Pods-Flix-FlixUITests.debug.xcconfig"; path = "Target Support Files/Pods-Flix-FlixUITests/Pods-Flix-FlixUITests.debug.xcconfig"; sourceTree = "<group>"; };
		E620F79DC7FFDC0B9C93486D /* Pods_Flix.framework */ = {isa = PBXFileReference; explicitFileType = wrapper.framework; includeInIndex = 0; path = Pods_Flix.framework; sourceTree = BUILT_PRODUCTS_DIR; };
/* End PBXFileReference section */

/* Begin PBXFrameworksBuildPhase section */
		84054DBA24A3F434002B8F46 /* Frameworks */ = {
			isa = PBXFrameworksBuildPhase;
			buildActionMask = 2147483647;
			files = (
				BC4A99A7ABB922172D106FCC /* Pods_Flix.framework in Frameworks */,
			);
			runOnlyForDeploymentPostprocessing = 0;
		};
		84054DD524A3F43E002B8F46 /* Frameworks */ = {
			isa = PBXFrameworksBuildPhase;
			buildActionMask = 2147483647;
			files = (
				412EE6A4E9D7F3C3D1136DC7 /* Pods_FlixTests.framework in Frameworks */,
			);
			runOnlyForDeploymentPostprocessing = 0;
		};
		84054DE024A3F43F002B8F46 /* Frameworks */ = {
			isa = PBXFrameworksBuildPhase;
			buildActionMask = 2147483647;
			files = (
				D55F2AACE6687BEC6360617E /* Pods_Flix_FlixUITests.framework in Frameworks */,
			);
			runOnlyForDeploymentPostprocessing = 0;
		};
/* End PBXFrameworksBuildPhase section */

/* Begin PBXGroup section */
		34B79DA2557F320996591A0D /* Frameworks */ = {
			isa = PBXGroup;
			children = (
				E620F79DC7FFDC0B9C93486D /* Pods_Flix.framework */,
				A9AD10A53E60C1EFCAE7D889 /* Pods_Flix_FlixUITests.framework */,
				50340D65663D8FFFC60EE5F9 /* Pods_FlixTests.framework */,
			);
			name = Frameworks;
			sourceTree = "<group>";
		};
		84054DB424A3F434002B8F46 = {
			isa = PBXGroup;
			children = (
				84054DBF24A3F435002B8F46 /* Flix */,
				84054DDB24A3F43E002B8F46 /* FlixTests */,
				84054DE624A3F43F002B8F46 /* FlixUITests */,
				84054DBE24A3F435002B8F46 /* Products */,
				C9DB796A5D2803F184B456CD /* Pods */,
				34B79DA2557F320996591A0D /* Frameworks */,
			);
			sourceTree = "<group>";
		};
		84054DBE24A3F435002B8F46 /* Products */ = {
			isa = PBXGroup;
			children = (
				84054DBD24A3F435002B8F46 /* Flix.app */,
				84054DD824A3F43E002B8F46 /* FlixTests.xctest */,
				84054DE324A3F43F002B8F46 /* FlixUITests.xctest */,
			);
			name = Products;
			sourceTree = "<group>";
		};
		84054DBF24A3F435002B8F46 /* Flix */ = {
			isa = PBXGroup;
			children = (
				84054E3E24A55615002B8F46 /* Models */,
				9EB6D01324A5CAAC002F2537 /* Views */,
				84054E3C24A555DF002B8F46 /* View Controllers */,
				84054DC024A3F435002B8F46 /* AppDelegate.h */,
				84054DC124A3F435002B8F46 /* AppDelegate.m */,
				84054DC324A3F435002B8F46 /* SceneDelegate.h */,
				84054DC424A3F435002B8F46 /* SceneDelegate.m */,
				84054DC924A3F435002B8F46 /* Main.storyboard */,
				84054DCC24A3F43E002B8F46 /* Assets.xcassets */,
				84054DCE24A3F43E002B8F46 /* LaunchScreen.storyboard */,
				84054DD124A3F43E002B8F46 /* Info.plist */,
				84054DD224A3F43E002B8F46 /* main.m */,
			);
			path = Flix;
			sourceTree = "<group>";
		};
		84054DDB24A3F43E002B8F46 /* FlixTests */ = {
			isa = PBXGroup;
			children = (
				84054DDC24A3F43E002B8F46 /* FlixTests.m */,
				84054DDE24A3F43E002B8F46 /* Info.plist */,
			);
			path = FlixTests;
			sourceTree = "<group>";
		};
		84054DE624A3F43F002B8F46 /* FlixUITests */ = {
			isa = PBXGroup;
			children = (
				84054DE724A3F43F002B8F46 /* FlixUITests.m */,
				84054DE924A3F43F002B8F46 /* Info.plist */,
			);
			path = FlixUITests;
			sourceTree = "<group>";
		};
		84054E3C24A555DF002B8F46 /* View Controllers */ = {
			isa = PBXGroup;
			children = (
				84054E3924A5533B002B8F46 /* MoviesViewController.h */,
				84054E3A24A5533B002B8F46 /* MoviesViewController.m */,
				9EB6D01724A6652F002F2537 /* DetailViewController.h */,
				9EB6D01824A6652F002F2537 /* DetailViewController.m */,
				9EB6D01B24A697B7002F2537 /* MoviesGridViewController.h */,
				9EB6D01C24A697B7002F2537 /* MoviesGridViewController.m */,
			);
			path = "View Controllers";
			sourceTree = "<group>";
		};
		84054E3E24A55615002B8F46 /* Models */ = {
			isa = PBXGroup;
			children = (
			);
			path = Models;
			sourceTree = "<group>";
		};
		9EB6D01324A5CAAC002F2537 /* Views */ = {
			isa = PBXGroup;
			children = (
				9EB6D01424A5CAD9002F2537 /* MovieCell.h */,
				9EB6D01524A5CAD9002F2537 /* MovieCell.m */,
			);
			path = Views;
			sourceTree = "<group>";
		};
		C9DB796A5D2803F184B456CD /* Pods */ = {
			isa = PBXGroup;
			children = (
				05274E77A5A5EFC354EBD13E /* Pods-Flix.debug.xcconfig */,
				AC6E253962B87DA1E6C9FCF0 /* Pods-Flix.release.xcconfig */,
				CD184022C79EC76F525682A0 /* Pods-Flix-FlixUITests.debug.xcconfig */,
				9272C8828F7E26F601B6FB97 /* Pods-Flix-FlixUITests.release.xcconfig */,
				5C37CB6F6B0DEE95A69A3547 /* Pods-FlixTests.debug.xcconfig */,
				7AAF467F0FCE07C60F222B31 /* Pods-FlixTests.release.xcconfig */,
			);
			path = Pods;
			sourceTree = "<group>";
		};
/* End PBXGroup section */

/* Begin PBXNativeTarget section */
		84054DBC24A3F434002B8F46 /* Flix */ = {
			isa = PBXNativeTarget;
			buildConfigurationList = 84054DEC24A3F43F002B8F46 /* Build configuration list for PBXNativeTarget "Flix" */;
			buildPhases = (
				2CDC0C9F4E9AF28C7EF735E3 /* [CP] Check Pods Manifest.lock */,
				84054DB924A3F434002B8F46 /* Sources */,
				84054DBA24A3F434002B8F46 /* Frameworks */,
				84054DBB24A3F434002B8F46 /* Resources */,
				57B8817A6820B6DFBEF219C7 /* [CP] Embed Pods Frameworks */,
			);
			buildRules = (
			);
			dependencies = (
			);
			name = Flix;
			productName = Flix;
			productReference = 84054DBD24A3F435002B8F46 /* Flix.app */;
			productType = "com.apple.product-type.application";
		};
		84054DD724A3F43E002B8F46 /* FlixTests */ = {
			isa = PBXNativeTarget;
			buildConfigurationList = 84054DEF24A3F43F002B8F46 /* Build configuration list for PBXNativeTarget "FlixTests" */;
			buildPhases = (
				8CA05C1BB459A42897507578 /* [CP] Check Pods Manifest.lock */,
				84054DD424A3F43E002B8F46 /* Sources */,
				84054DD524A3F43E002B8F46 /* Frameworks */,
				84054DD624A3F43E002B8F46 /* Resources */,
			);
			buildRules = (
			);
			dependencies = (
				84054DDA24A3F43E002B8F46 /* PBXTargetDependency */,
			);
			name = FlixTests;
			productName = FlixTests;
			productReference = 84054DD824A3F43E002B8F46 /* FlixTests.xctest */;
			productType = "com.apple.product-type.bundle.unit-test";
		};
		84054DE224A3F43F002B8F46 /* FlixUITests */ = {
			isa = PBXNativeTarget;
			buildConfigurationList = 84054DF224A3F43F002B8F46 /* Build configuration list for PBXNativeTarget "FlixUITests" */;
			buildPhases = (
				9D58075DA0877D7F386DD7AA /* [CP] Check Pods Manifest.lock */,
				84054DDF24A3F43F002B8F46 /* Sources */,
				84054DE024A3F43F002B8F46 /* Frameworks */,
				84054DE124A3F43F002B8F46 /* Resources */,
				2080DC4CB37C6E187BCC37EE /* [CP] Embed Pods Frameworks */,
			);
			buildRules = (
			);
			dependencies = (
				84054DE524A3F43F002B8F46 /* PBXTargetDependency */,
			);
			name = FlixUITests;
			productName = FlixUITests;
			productReference = 84054DE324A3F43F002B8F46 /* FlixUITests.xctest */;
			productType = "com.apple.product-type.bundle.ui-testing";
		};
/* End PBXNativeTarget section */

/* Begin PBXProject section */
		84054DB524A3F434002B8F46 /* Project object */ = {
			isa = PBXProject;
			attributes = {
				LastUpgradeCheck = 1150;
				ORGANIZATIONNAME = admin;
				TargetAttributes = {
					84054DBC24A3F434002B8F46 = {
						CreatedOnToolsVersion = 11.5;
					};
					84054DD724A3F43E002B8F46 = {
						CreatedOnToolsVersion = 11.5;
						TestTargetID = 84054DBC24A3F434002B8F46;
					};
					84054DE224A3F43F002B8F46 = {
						CreatedOnToolsVersion = 11.5;
						TestTargetID = 84054DBC24A3F434002B8F46;
					};
				};
			};
			buildConfigurationList = 84054DB824A3F434002B8F46 /* Build configuration list for PBXProject "Flix" */;
			compatibilityVersion = "Xcode 9.3";
			developmentRegion = en;
			hasScannedForEncodings = 0;
			knownRegions = (
				en,
				Base,
			);
			mainGroup = 84054DB424A3F434002B8F46;
			productRefGroup = 84054DBE24A3F435002B8F46 /* Products */;
			projectDirPath = "";
			projectRoot = "";
			targets = (
				84054DBC24A3F434002B8F46 /* Flix */,
				84054DD724A3F43E002B8F46 /* FlixTests */,
				84054DE224A3F43F002B8F46 /* FlixUITests */,
			);
		};
/* End PBXProject section */

/* Begin PBXResourcesBuildPhase section */
		84054DBB24A3F434002B8F46 /* Resources */ = {
			isa = PBXResourcesBuildPhase;
			buildActionMask = 2147483647;
			files = (
				84054DD024A3F43E002B8F46 /* LaunchScreen.storyboard in Resources */,
				84054DCD24A3F43E002B8F46 /* Assets.xcassets in Resources */,
				84054DCB24A3F435002B8F46 /* Main.storyboard in Resources */,
			);
			runOnlyForDeploymentPostprocessing = 0;
		};
		84054DD624A3F43E002B8F46 /* Resources */ = {
			isa = PBXResourcesBuildPhase;
			buildActionMask = 2147483647;
			files = (
			);
			runOnlyForDeploymentPostprocessing = 0;
		};
		84054DE124A3F43F002B8F46 /* Resources */ = {
			isa = PBXResourcesBuildPhase;
			buildActionMask = 2147483647;
			files = (
			);
			runOnlyForDeploymentPostprocessing = 0;
		};
/* End PBXResourcesBuildPhase section */

/* Begin PBXShellScriptBuildPhase section */
		2080DC4CB37C6E187BCC37EE /* [CP] Embed Pods Frameworks */ = {
			isa = PBXShellScriptBuildPhase;
			buildActionMask = 2147483647;
			files = (
			);
			inputFileListPaths = (
				"${PODS_ROOT}/Target Support Files/Pods-Flix-FlixUITests/Pods-Flix-FlixUITests-frameworks-${CONFIGURATION}-input-files.xcfilelist",
			);
			name = "[CP] Embed Pods Frameworks";
			outputFileListPaths = (
				"${PODS_ROOT}/Target Support Files/Pods-Flix-FlixUITests/Pods-Flix-FlixUITests-frameworks-${CONFIGURATION}-output-files.xcfilelist",
			);
			runOnlyForDeploymentPostprocessing = 0;
			shellPath = /bin/sh;
			shellScript = "\"${PODS_ROOT}/Target Support Files/Pods-Flix-FlixUITests/Pods-Flix-FlixUITests-frameworks.sh\"\n";
			showEnvVarsInLog = 0;
		};
		2CDC0C9F4E9AF28C7EF735E3 /* [CP] Check Pods Manifest.lock */ = {
			isa = PBXShellScriptBuildPhase;
			buildActionMask = 2147483647;
			files = (
			);
			inputFileListPaths = (
			);
			inputPaths = (
				"${PODS_PODFILE_DIR_PATH}/Podfile.lock",
				"${PODS_ROOT}/Manifest.lock",
			);
			name = "[CP] Check Pods Manifest.lock";
			outputFileListPaths = (
			);
			outputPaths = (
				"$(DERIVED_FILE_DIR)/Pods-Flix-checkManifestLockResult.txt",
			);
			runOnlyForDeploymentPostprocessing = 0;
			shellPath = /bin/sh;
			shellScript = "diff \"${PODS_PODFILE_DIR_PATH}/Podfile.lock\" \"${PODS_ROOT}/Manifest.lock\" > /dev/null\nif [ $? != 0 ] ; then\n    # print error to STDERR\n    echo \"error: The sandbox is not in sync with the Podfile.lock. Run 'pod install' or update your CocoaPods installation.\" >&2\n    exit 1\nfi\n# This output is used by Xcode 'outputs' to avoid re-running this script phase.\necho \"SUCCESS\" > \"${SCRIPT_OUTPUT_FILE_0}\"\n";
			showEnvVarsInLog = 0;
		};
		57B8817A6820B6DFBEF219C7 /* [CP] Embed Pods Frameworks */ = {
			isa = PBXShellScriptBuildPhase;
			buildActionMask = 2147483647;
			files = (
			);
			inputFileListPaths = (
				"${PODS_ROOT}/Target Support Files/Pods-Flix/Pods-Flix-frameworks-${CONFIGURATION}-input-files.xcfilelist",
			);
			name = "[CP] Embed Pods Frameworks";
			outputFileListPaths = (
				"${PODS_ROOT}/Target Support Files/Pods-Flix/Pods-Flix-frameworks-${CONFIGURATION}-output-files.xcfilelist",
			);
			runOnlyForDeploymentPostprocessing = 0;
			shellPath = /bin/sh;
			shellScript = "\"${PODS_ROOT}/Target Support Files/Pods-Flix/Pods-Flix-frameworks.sh\"\n";
			showEnvVarsInLog = 0;
		};
		8CA05C1BB459A42897507578 /* [CP] Check Pods Manifest.lock */ = {
			isa = PBXShellScriptBuildPhase;
			buildActionMask = 2147483647;
			files = (
			);
			inputFileListPaths = (
			);
			inputPaths = (
				"${PODS_PODFILE_DIR_PATH}/Podfile.lock",
				"${PODS_ROOT}/Manifest.lock",
			);
			name = "[CP] Check Pods Manifest.lock";
			outputFileListPaths = (
			);
			outputPaths = (
				"$(DERIVED_FILE_DIR)/Pods-FlixTests-checkManifestLockResult.txt",
			);
			runOnlyForDeploymentPostprocessing = 0;
			shellPath = /bin/sh;
			shellScript = "diff \"${PODS_PODFILE_DIR_PATH}/Podfile.lock\" \"${PODS_ROOT}/Manifest.lock\" > /dev/null\nif [ $? != 0 ] ; then\n    # print error to STDERR\n    echo \"error: The sandbox is not in sync with the Podfile.lock. Run 'pod install' or update your CocoaPods installation.\" >&2\n    exit 1\nfi\n# This output is used by Xcode 'outputs' to avoid re-running this script phase.\necho \"SUCCESS\" > \"${SCRIPT_OUTPUT_FILE_0}\"\n";
			showEnvVarsInLog = 0;
		};
		9D58075DA0877D7F386DD7AA /* [CP] Check Pods Manifest.lock */ = {
			isa = PBXShellScriptBuildPhase;
			buildActionMask = 2147483647;
			files = (
			);
			inputFileListPaths = (
			);
			inputPaths = (
				"${PODS_PODFILE_DIR_PATH}/Podfile.lock",
				"${PODS_ROOT}/Manifest.lock",
			);
			name = "[CP] Check Pods Manifest.lock";
			outputFileListPaths = (
			);
			outputPaths = (
				"$(DERIVED_FILE_DIR)/Pods-Flix-FlixUITests-checkManifestLockResult.txt",
			);
			runOnlyForDeploymentPostprocessing = 0;
			shellPath = /bin/sh;
			shellScript = "diff \"${PODS_PODFILE_DIR_PATH}/Podfile.lock\" \"${PODS_ROOT}/Manifest.lock\" > /dev/null\nif [ $? != 0 ] ; then\n    # print error to STDERR\n    echo \"error: The sandbox is not in sync with the Podfile.lock. Run 'pod install' or update your CocoaPods installation.\" >&2\n    exit 1\nfi\n# This output is used by Xcode 'outputs' to avoid re-running this script phase.\necho \"SUCCESS\" > \"${SCRIPT_OUTPUT_FILE_0}\"\n";
			showEnvVarsInLog = 0;
		};
/* End PBXShellScriptBuildPhase section */

/* Begin PBXSourcesBuildPhase section */
		84054DB924A3F434002B8F46 /* Sources */ = {
			isa = PBXSourcesBuildPhase;
			buildActionMask = 2147483647;
			files = (
				84054DC224A3F435002B8F46 /* AppDelegate.m in Sources */,
				9EB6D01624A5CAD9002F2537 /* MovieCell.m in Sources */,
				84054E3B24A5533B002B8F46 /* MoviesViewController.m in Sources */,
				84054DD324A3F43E002B8F46 /* main.m in Sources */,
				84054DC524A3F435002B8F46 /* SceneDelegate.m in Sources */,
				9EB6D01924A6652F002F2537 /* DetailViewController.m in Sources */,
				9EB6D01D24A697B7002F2537 /* MoviesGridViewController.m in Sources */,
			);
			runOnlyForDeploymentPostprocessing = 0;
		};
		84054DD424A3F43E002B8F46 /* Sources */ = {
			isa = PBXSourcesBuildPhase;
			buildActionMask = 2147483647;
			files = (
				84054DDD24A3F43E002B8F46 /* FlixTests.m in Sources */,
			);
			runOnlyForDeploymentPostprocessing = 0;
		};
		84054DDF24A3F43F002B8F46 /* Sources */ = {
			isa = PBXSourcesBuildPhase;
			buildActionMask = 2147483647;
			files = (
				84054DE824A3F43F002B8F46 /* FlixUITests.m in Sources */,
			);
			runOnlyForDeploymentPostprocessing = 0;
		};
/* End PBXSourcesBuildPhase section */

/* Begin PBXTargetDependency section */
		84054DDA24A3F43E002B8F46 /* PBXTargetDependency */ = {
			isa = PBXTargetDependency;
			target = 84054DBC24A3F434002B8F46 /* Flix */;
			targetProxy = 84054DD924A3F43E002B8F46 /* PBXContainerItemProxy */;
		};
		84054DE524A3F43F002B8F46 /* PBXTargetDependency */ = {
			isa = PBXTargetDependency;
			target = 84054DBC24A3F434002B8F46 /* Flix */;
			targetProxy = 84054DE424A3F43F002B8F46 /* PBXContainerItemProxy */;
		};
/* End PBXTargetDependency section */

/* Begin PBXVariantGroup section */
		84054DC924A3F435002B8F46 /* Main.storyboard */ = {
			isa = PBXVariantGroup;
			children = (
				84054DCA24A3F435002B8F46 /* Base */,
			);
			name = Main.storyboard;
			sourceTree = "<group>";
		};
		84054DCE24A3F43E002B8F46 /* LaunchScreen.storyboard */ = {
			isa = PBXVariantGroup;
			children = (
				84054DCF24A3F43E002B8F46 /* Base */,
			);
			name = LaunchScreen.storyboard;
			sourceTree = "<group>";
		};
/* End PBXVariantGroup section */

/* Begin XCBuildConfiguration section */
		84054DEA24A3F43F002B8F46 /* Debug */ = {
			isa = XCBuildConfiguration;
			buildSettings = {
				ALWAYS_SEARCH_USER_PATHS = NO;
				CLANG_ANALYZER_NONNULL = YES;
				CLANG_ANALYZER_NUMBER_OBJECT_CONVERSION = YES_AGGRESSIVE;
				CLANG_CXX_LANGUAGE_STANDARD = "gnu++14";
				CLANG_CXX_LIBRARY = "libc++";
				CLANG_ENABLE_MODULES = YES;
				CLANG_ENABLE_OBJC_ARC = YES;
				CLANG_ENABLE_OBJC_WEAK = YES;
				CLANG_WARN_BLOCK_CAPTURE_AUTORELEASING = YES;
				CLANG_WARN_BOOL_CONVERSION = YES;
				CLANG_WARN_COMMA = YES;
				CLANG_WARN_CONSTANT_CONVERSION = YES;
				CLANG_WARN_DEPRECATED_OBJC_IMPLEMENTATIONS = YES;
				CLANG_WARN_DIRECT_OBJC_ISA_USAGE = YES_ERROR;
				CLANG_WARN_DOCUMENTATION_COMMENTS = YES;
				CLANG_WARN_EMPTY_BODY = YES;
				CLANG_WARN_ENUM_CONVERSION = YES;
				CLANG_WARN_INFINITE_RECURSION = YES;
				CLANG_WARN_INT_CONVERSION = YES;
				CLANG_WARN_NON_LITERAL_NULL_CONVERSION = YES;
				CLANG_WARN_OBJC_IMPLICIT_RETAIN_SELF = YES;
				CLANG_WARN_OBJC_LITERAL_CONVERSION = YES;
				CLANG_WARN_OBJC_ROOT_CLASS = YES_ERROR;
				CLANG_WARN_RANGE_LOOP_ANALYSIS = YES;
				CLANG_WARN_STRICT_PROTOTYPES = YES;
				CLANG_WARN_SUSPICIOUS_MOVE = YES;
				CLANG_WARN_UNGUARDED_AVAILABILITY = YES_AGGRESSIVE;
				CLANG_WARN_UNREACHABLE_CODE = YES;
				CLANG_WARN__DUPLICATE_METHOD_MATCH = YES;
				COPY_PHASE_STRIP = NO;
				DEBUG_INFORMATION_FORMAT = dwarf;
				ENABLE_STRICT_OBJC_MSGSEND = YES;
				ENABLE_TESTABILITY = YES;
				GCC_C_LANGUAGE_STANDARD = gnu11;
				GCC_DYNAMIC_NO_PIC = NO;
				GCC_NO_COMMON_BLOCKS = YES;
				GCC_OPTIMIZATION_LEVEL = 0;
				GCC_PREPROCESSOR_DEFINITIONS = (
					"DEBUG=1",
					"$(inherited)",
				);
				GCC_WARN_64_TO_32_BIT_CONVERSION = YES;
				GCC_WARN_ABOUT_RETURN_TYPE = YES_ERROR;
				GCC_WARN_UNDECLARED_SELECTOR = YES;
				GCC_WARN_UNINITIALIZED_AUTOS = YES_AGGRESSIVE;
				GCC_WARN_UNUSED_FUNCTION = YES;
				GCC_WARN_UNUSED_VARIABLE = YES;
				IPHONEOS_DEPLOYMENT_TARGET = 13.5;
				MTL_ENABLE_DEBUG_INFO = INCLUDE_SOURCE;
				MTL_FAST_MATH = YES;
				ONLY_ACTIVE_ARCH = YES;
				SDKROOT = iphoneos;
			};
			name = Debug;
		};
		84054DEB24A3F43F002B8F46 /* Release */ = {
			isa = XCBuildConfiguration;
			buildSettings = {
				ALWAYS_SEARCH_USER_PATHS = NO;
				CLANG_ANALYZER_NONNULL = YES;
				CLANG_ANALYZER_NUMBER_OBJECT_CONVERSION = YES_AGGRESSIVE;
				CLANG_CXX_LANGUAGE_STANDARD = "gnu++14";
				CLANG_CXX_LIBRARY = "libc++";
				CLANG_ENABLE_MODULES = YES;
				CLANG_ENABLE_OBJC_ARC = YES;
				CLANG_ENABLE_OBJC_WEAK = YES;
				CLANG_WARN_BLOCK_CAPTURE_AUTORELEASING = YES;
				CLANG_WARN_BOOL_CONVERSION = YES;
				CLANG_WARN_COMMA = YES;
				CLANG_WARN_CONSTANT_CONVERSION = YES;
				CLANG_WARN_DEPRECATED_OBJC_IMPLEMENTATIONS = YES;
				CLANG_WARN_DIRECT_OBJC_ISA_USAGE = YES_ERROR;
				CLANG_WARN_DOCUMENTATION_COMMENTS = YES;
				CLANG_WARN_EMPTY_BODY = YES;
				CLANG_WARN_ENUM_CONVERSION = YES;
				CLANG_WARN_INFINITE_RECURSION = YES;
				CLANG_WARN_INT_CONVERSION = YES;
				CLANG_WARN_NON_LITERAL_NULL_CONVERSION = YES;
				CLANG_WARN_OBJC_IMPLICIT_RETAIN_SELF = YES;
				CLANG_WARN_OBJC_LITERAL_CONVERSION = YES;
				CLANG_WARN_OBJC_ROOT_CLASS = YES_ERROR;
				CLANG_WARN_RANGE_LOOP_ANALYSIS = YES;
				CLANG_WARN_STRICT_PROTOTYPES = YES;
				CLANG_WARN_SUSPICIOUS_MOVE = YES;
				CLANG_WARN_UNGUARDED_AVAILABILITY = YES_AGGRESSIVE;
				CLANG_WARN_UNREACHABLE_CODE = YES;
				CLANG_WARN__DUPLICATE_METHOD_MATCH = YES;
				COPY_PHASE_STRIP = NO;
				DEBUG_INFORMATION_FORMAT = "dwarf-with-dsym";
				ENABLE_NS_ASSERTIONS = NO;
				ENABLE_STRICT_OBJC_MSGSEND = YES;
				GCC_C_LANGUAGE_STANDARD = gnu11;
				GCC_NO_COMMON_BLOCKS = YES;
				GCC_WARN_64_TO_32_BIT_CONVERSION = YES;
				GCC_WARN_ABOUT_RETURN_TYPE = YES_ERROR;
				GCC_WARN_UNDECLARED_SELECTOR = YES;
				GCC_WARN_UNINITIALIZED_AUTOS = YES_AGGRESSIVE;
				GCC_WARN_UNUSED_FUNCTION = YES;
				GCC_WARN_UNUSED_VARIABLE = YES;
				IPHONEOS_DEPLOYMENT_TARGET = 13.5;
				MTL_ENABLE_DEBUG_INFO = NO;
				MTL_FAST_MATH = YES;
				SDKROOT = iphoneos;
				VALIDATE_PRODUCT = YES;
			};
			name = Release;
		};
		84054DED24A3F43F002B8F46 /* Debug */ = {
			isa = XCBuildConfiguration;
			baseConfigurationReference = 05274E77A5A5EFC354EBD13E /* Pods-Flix.debug.xcconfig */;
			buildSettings = {
				ASSETCATALOG_COMPILER_APPICON_NAME = AppIcon;
				CODE_SIGN_STYLE = Automatic;
				DEVELOPMENT_TEAM = MKA7LRYDUL;
				INFOPLIST_FILE = Flix/Info.plist;
				LD_RUNPATH_SEARCH_PATHS = (
					"$(inherited)",
					"@executable_path/Frameworks",
				);
				PRODUCT_BUNDLE_IDENTIFIER = com.codepath.flix;
				PRODUCT_NAME = "$(TARGET_NAME)";
				TARGETED_DEVICE_FAMILY = "1,2";
			};
			name = Debug;
		};
		84054DEE24A3F43F002B8F46 /* Release */ = {
			isa = XCBuildConfiguration;
			baseConfigurationReference = AC6E253962B87DA1E6C9FCF0 /* Pods-Flix.release.xcconfig */;
			buildSettings = {
				ASSETCATALOG_COMPILER_APPICON_NAME = AppIcon;
				CODE_SIGN_STYLE = Automatic;
				DEVELOPMENT_TEAM = MKA7LRYDUL;
				INFOPLIST_FILE = Flix/Info.plist;
				LD_RUNPATH_SEARCH_PATHS = (
					"$(inherited)",
					"@executable_path/Frameworks",
				);
				PRODUCT_BUNDLE_IDENTIFIER = com.codepath.flix;
				PRODUCT_NAME = "$(TARGET_NAME)";
				TARGETED_DEVICE_FAMILY = "1,2";
			};
			name = Release;
		};
		84054DF024A3F43F002B8F46 /* Debug */ = {
			isa = XCBuildConfiguration;
			baseConfigurationReference = 5C37CB6F6B0DEE95A69A3547 /* Pods-FlixTests.debug.xcconfig */;
			buildSettings = {
				BUNDLE_LOADER = "$(TEST_HOST)";
				CODE_SIGN_STYLE = Automatic;
				INFOPLIST_FILE = FlixTests/Info.plist;
				IPHONEOS_DEPLOYMENT_TARGET = 13.5;
				LD_RUNPATH_SEARCH_PATHS = (
					"$(inherited)",
					"@executable_path/Frameworks",
					"@loader_path/Frameworks",
				);
				PRODUCT_BUNDLE_IDENTIFIER = com.codepath.FlixTests;
				PRODUCT_NAME = "$(TARGET_NAME)";
				TARGETED_DEVICE_FAMILY = "1,2";
				TEST_HOST = "$(BUILT_PRODUCTS_DIR)/Flix.app/Flix";
			};
			name = Debug;
		};
		84054DF124A3F43F002B8F46 /* Release */ = {
			isa = XCBuildConfiguration;
			baseConfigurationReference = 7AAF467F0FCE07C60F222B31 /* Pods-FlixTests.release.xcconfig */;
			buildSettings = {
				BUNDLE_LOADER = "$(TEST_HOST)";
				CODE_SIGN_STYLE = Automatic;
				INFOPLIST_FILE = FlixTests/Info.plist;
				IPHONEOS_DEPLOYMENT_TARGET = 13.5;
				LD_RUNPATH_SEARCH_PATHS = (
					"$(inherited)",
					"@executable_path/Frameworks",
					"@loader_path/Frameworks",
				);
				PRODUCT_BUNDLE_IDENTIFIER = com.codepath.FlixTests;
				PRODUCT_NAME = "$(TARGET_NAME)";
				TARGETED_DEVICE_FAMILY = "1,2";
				TEST_HOST = "$(BUILT_PRODUCTS_DIR)/Flix.app/Flix";
			};
			name = Release;
		};
		84054DF324A3F43F002B8F46 /* Debug */ = {
			isa = XCBuildConfiguration;
			baseConfigurationReference = CD184022C79EC76F525682A0 /* Pods-Flix-FlixUITests.debug.xcconfig */;
			buildSettings = {
				CODE_SIGN_STYLE = Automatic;
				INFOPLIST_FILE = FlixUITests/Info.plist;
				LD_RUNPATH_SEARCH_PATHS = (
					"$(inherited)",
					"@executable_path/Frameworks",
					"@loader_path/Frameworks",
				);
				PRODUCT_BUNDLE_IDENTIFIER = com.codepath.FlixUITests;
				PRODUCT_NAME = "$(TARGET_NAME)";
				TARGETED_DEVICE_FAMILY = "1,2";
				TEST_TARGET_NAME = Flix;
			};
			name = Debug;
		};
		84054DF424A3F43F002B8F46 /* Release */ = {
			isa = XCBuildConfiguration;
			baseConfigurationReference = 9272C8828F7E26F601B6FB97 /* Pods-Flix-FlixUITests.release.xcconfig */;
			buildSettings = {
				CODE_SIGN_STYLE = Automatic;
				INFOPLIST_FILE = FlixUITests/Info.plist;
				LD_RUNPATH_SEARCH_PATHS = (
					"$(inherited)",
					"@executable_path/Frameworks",
					"@loader_path/Frameworks",
				);
				PRODUCT_BUNDLE_IDENTIFIER = com.codepath.FlixUITests;
				PRODUCT_NAME = "$(TARGET_NAME)";
				TARGETED_DEVICE_FAMILY = "1,2";
				TEST_TARGET_NAME = Flix;
			};
			name = Release;
		};
/* End XCBuildConfiguration section */

/* Begin XCConfigurationList section */
		84054DB824A3F434002B8F46 /* Build configuration list for PBXProject "Flix" */ = {
			isa = XCConfigurationList;
			buildConfigurations = (
				84054DEA24A3F43F002B8F46 /* Debug */,
				84054DEB24A3F43F002B8F46 /* Release */,
			);
			defaultConfigurationIsVisible = 0;
			defaultConfigurationName = Release;
		};
		84054DEC24A3F43F002B8F46 /* Build configuration list for PBXNativeTarget "Flix" */ = {
			isa = XCConfigurationList;
			buildConfigurations = (
				84054DED24A3F43F002B8F46 /* Debug */,
				84054DEE24A3F43F002B8F46 /* Release */,
			);
			defaultConfigurationIsVisible = 0;
			defaultConfigurationName = Release;
		};
		84054DEF24A3F43F002B8F46 /* Build configuration list for PBXNativeTarget "FlixTests" */ = {
			isa = XCConfigurationList;
			buildConfigurations = (
				84054DF024A3F43F002B8F46 /* Debug */,
				84054DF124A3F43F002B8F46 /* Release */,
			);
			defaultConfigurationIsVisible = 0;
			defaultConfigurationName = Release;
		};
		84054DF224A3F43F002B8F46 /* Build configuration list for PBXNativeTarget "FlixUITests" */ = {
			isa = XCConfigurationList;
			buildConfigurations = (
				84054DF324A3F43F002B8F46 /* Debug */,
				84054DF424A3F43F002B8F46 /* Release */,
			);
			defaultConfigurationIsVisible = 0;
			defaultConfigurationName = Release;
		};
/* End XCConfigurationList section */
	};
	rootObject = 84054DB524A3F434002B8F46 /* Project object */;
}
